<Solution>
  <Project Path="Calculator/Calculator.csproj" />
  <Project Path="Calculator.Browser/Calculator.Browser.csproj" />
  <Project Path="Calculator.Desktop/Calculator.Desktop.csproj" />
  <Project Path="GraphControl/GraphControl.csproj" />
  <Project Path="GraphingImpl/GraphingImpl.csproj" />
  <Project Path="GraphingInterfaces/GraphingInterfaces.csproj" />
  <Project Path="GraphingRaster.Skia/GraphingRaster.Skia.csproj" />
  <Project Path="GraphingTests/GraphingTests.csproj" />
  <Project Path="JsMath.Port/JsMath.Port.csproj" />
</Solution>
